
Microsoft Visual Studio Solution File, Format Version 12.00
# Visual Studio Version 17
VisualStudioVersion = 17.12.35506.116
MinimumVisualStudioVersion = 10.0.40219.1
Project("{2150E333-8FDC-42A3-9474-1A3956D46DE8}") = "Services", "Services", "{967E5D10-5C50-4FFD-AC5F-B731799383B7}"
EndProject
Project("{2150E333-8FDC-42A3-9474-1A3956D46DE8}") = "Core", "Core", "{50202067-E071-43FF-8B87-C47DB8A0AA71}"
EndProject
Project("{2150E333-8FDC-42A3-9474-1A3956D46DE8}") = "Conteudo", "Conteudo", "{98BA0FE6-70FE-4DD0-8404-C3E5ED7C25AC}"
EndProject
Project("{FAE04EC0-301F-11D3-BF4B-00C04F79EFBC}") = "Plataforma.Educacao.Core", "src\Plataforma.Educacao.Core\Plataforma.Educacao.Core.csproj", "{51DFDD4B-5DCE-41AE-9DF8-15D0E666AAEC}"
EndProject
Project("{FAE04EC0-301F-11D3-BF4B-00C04F79EFBC}") = "Plataforma.Educacao.Conteudo.Domain", "src\Plataforma.Educacao.Conteudo.Domain\Plataforma.Educacao.Conteudo.Domain.csproj", "{2FF07CB8-0105-467D-A76F-15D524E33532}"
EndProject
Project("{2150E333-8FDC-42A3-9474-1A3956D46DE8}") = "Tests", "Tests", "{B203B6F3-6108-4A09-8E3B-BEDA2546EA48}"
EndProject
Project("{FAE04EC0-301F-11D3-BF4B-00C04F79EFBC}") = "Plataforma.Educacao.Conteudo.Data", "src\Plataforma.Educacao.Conteudo.Data\Plataforma.Educacao.Conteudo.Data.csproj", "{7E361041-5208-45B3-9FC9-432537610802}"
EndProject
Project("{FAE04EC0-301F-11D3-BF4B-00C04F79EFBC}") = "Plataforma.Educacao.Conteudo.Application", "src\Plataforma.Educacao.Conteudo.Application\Plataforma.Educacao.Conteudo.Application.csproj", "{4109D533-B98D-4BDD-A64F-795EC54291DF}"
EndProject
Project("{2150E333-8FDC-42A3-9474-1A3956D46DE8}") = "Aluno", "Aluno", "{F36DB824-C016-44D9-85EA-C138665CC6D6}"
EndProject
Project("{FAE04EC0-301F-11D3-BF4B-00C04F79EFBC}") = "Plataforma.Educacao.Aluno.Domain", "src\Plataforma.Educacao.Aluno.Domain\Plataforma.Educacao.Aluno.Domain.csproj", "{26FF6A29-2665-4D70-BFB2-88BA1B506ACC}"
EndProject
Project("{FAE04EC0-301F-11D3-BF4B-00C04F79EFBC}") = "Plataforma.Educacao.Aluno.Data", "src\Plataforma.Educacao.Aluno.Data\Plataforma.Educacao.Aluno.Data.csproj", "{15AB717B-61D1-4913-9C34-4145DEA8C375}"
EndProject
Project("{FAE04EC0-301F-11D3-BF4B-00C04F79EFBC}") = "Plataforma.Educacao.Aluno.Application", "src\Plataforma.Educacao.Aluno.Application\Plataforma.Educacao.Aluno.Application.csproj", "{907496F5-3D31-4B3E-8B6F-0BD417C70B4D}"
EndProject
Project("{2150E333-8FDC-42A3-9474-1A3956D46DE8}") = "Tests", "Tests", "{228FCE6B-C4C8-42B3-A1EE-0082A087A62C}"
EndProject
Project("{FAE04EC0-301F-11D3-BF4B-00C04F79EFBC}") = "Plataforma.Educacao.Aluno.Tests", "tests\Plataforma.Educacao.Aluno.Tests\Plataforma.Educacao.Aluno.Tests.csproj", "{3A7045C0-7245-4AFF-AB8F-D1C12A11FA14}"
EndProject
Project("{2150E333-8FDC-42A3-9474-1A3956D46DE8}") = "Faturamento", "Faturamento", "{FE93A247-A721-4BFE-AE2F-49F68F40B74A}"
EndProject
Project("{FAE04EC0-301F-11D3-BF4B-00C04F79EFBC}") = "Plataforma.Educacao.Faturamento.Data", "src\Plataforma.Educacao.Faturamento.Data\Plataforma.Educacao.Faturamento.Data.csproj", "{1569F91B-BA61-463B-94B1-151F2E0F8A39}"
EndProject
Project("{FAE04EC0-301F-11D3-BF4B-00C04F79EFBC}") = "Plataforma.Educacao.Faturamento.Domain", "src\Plataforma.Educacao.Faturamento.Domain\Plataforma.Educacao.Faturamento.Domain.csproj", "{E49FA26B-4709-4635-AB88-0F96C450BA30}"
EndProject
Project("{FAE04EC0-301F-11D3-BF4B-00C04F79EFBC}") = "Plataforma.Educacao.Faturamento.Application", "src\Plataforma.Educacao.Faturamento.Application\Plataforma.Educacao.Faturamento.Application.csproj", "{2FBC0F7F-64CE-4D36-94C3-AE5D56E336A5}"
EndProject
Project("{2150E333-8FDC-42A3-9474-1A3956D46DE8}") = ".Helpers", ".Helpers", "{C5B069F4-834D-40F5-89E4-E65E27C0FE68}"
	ProjectSection(SolutionItems) = preProject
		src\ClearBinObj.cmd = src\ClearBinObj.cmd
		tests\TestsCoverage.cmd = tests\TestsCoverage.cmd
	EndProjectSection
EndProject
Project("{2150E333-8FDC-42A3-9474-1A3956D46DE8}") = "Tests", "Tests", "{3A9E2770-0B7C-45B8-8D31-9FCD8F9688F6}"
EndProject
Project("{FAE04EC0-301F-11D3-BF4B-00C04F79EFBC}") = "Plataforma.Educacao.Faturamento.Tests", "tests\Plataforma.Educacao.Faturamento.Tests\Plataforma.Educacao.Faturamento.Tests.csproj", "{F408DEC5-65B9-4A10-879D-3F83F8A87B38}"
EndProject
Project("{2150E333-8FDC-42A3-9474-1A3956D46DE8}") = "Api", "Api", "{A8E9ECA9-CC87-479A-952C-87EC16458016}"
EndProject
Project("{FAE04EC0-301F-11D3-BF4B-00C04F79EFBC}") = "Plataforma.Educacao.Conteudo.Tests", "tests\Plataforma.Educacao.Conteudo.Tests\Plataforma.Educacao.Conteudo.Tests.csproj", "{098B5AAF-1ED5-4ABF-8EB3-26F0C84A8554}"
EndProject
Project("{2150E333-8FDC-42A3-9474-1A3956D46DE8}") = "Autenticacao", "Autenticacao", "{71E1FCC1-0429-420E-AA3B-C1780B37ABD2}"
EndProject
Project("{FAE04EC0-301F-11D3-BF4B-00C04F79EFBC}") = "Plataforma.Educacao.Api", "src\Plataforma.Educacao.Api\Plataforma.Educacao.Api.csproj", "{1A8C00A6-935A-4453-AD9F-9AE8F564BA68}"
EndProject
Project("{FAE04EC0-301F-11D3-BF4B-00C04F79EFBC}") = "Plataforma.Educacao.Autenticacao.Data", "src\Plataforma.Educacao.Autenticacao.Data\Plataforma.Educacao.Autenticacao.Data.csproj", "{D82E1500-7354-4DB3-830D-44D03A0ACC3D}"
EndProject
Project("{2150E333-8FDC-42A3-9474-1A3956D46DE8}") = "Tests", "Tests", "{1E021D5B-0A65-42AB-BB65-7FA5CB7987F1}"
EndProject
Project("{FAE04EC0-301F-11D3-BF4B-00C04F79EFBC}") = "Plataforma.Educacao.Api.Tests", "tests\Plataforma.Educacao.Api.Tests\Plataforma.Educacao.Api.Tests.csproj", "{9DBD6FCF-1528-46EB-AA23-B1E54DBA5DEC}"
EndProject
Global
	GlobalSection(SolutionConfigurationPlatforms) = preSolution
		Debug|Any CPU = Debug|Any CPU
		Release|Any CPU = Release|Any CPU
	EndGlobalSection
	GlobalSection(ProjectConfigurationPlatforms) = postSolution
		{51DFDD4B-5DCE-41AE-9DF8-15D0E666AAEC}.Debug|Any CPU.ActiveCfg = Debug|Any CPU
		{51DFDD4B-5DCE-41AE-9DF8-15D0E666AAEC}.Debug|Any CPU.Build.0 = Debug|Any CPU
		{51DFDD4B-5DCE-41AE-9DF8-15D0E666AAEC}.Release|Any CPU.ActiveCfg = Release|Any CPU
		{51DFDD4B-5DCE-41AE-9DF8-15D0E666AAEC}.Release|Any CPU.Build.0 = Release|Any CPU
		{2FF07CB8-0105-467D-A76F-15D524E33532}.Debug|Any CPU.ActiveCfg = Debug|Any CPU
		{2FF07CB8-0105-467D-A76F-15D524E33532}.Debug|Any CPU.Build.0 = Debug|Any CPU
		{2FF07CB8-0105-467D-A76F-15D524E33532}.Release|Any CPU.ActiveCfg = Release|Any CPU
		{2FF07CB8-0105-467D-A76F-15D524E33532}.Release|Any CPU.Build.0 = Release|Any CPU
		{7E361041-5208-45B3-9FC9-432537610802}.Debug|Any CPU.ActiveCfg = Debug|Any CPU
		{7E361041-5208-45B3-9FC9-432537610802}.Debug|Any CPU.Build.0 = Debug|Any CPU
		{7E361041-5208-45B3-9FC9-432537610802}.Release|Any CPU.ActiveCfg = Release|Any CPU
		{7E361041-5208-45B3-9FC9-432537610802}.Release|Any CPU.Build.0 = Release|Any CPU
		{4109D533-B98D-4BDD-A64F-795EC54291DF}.Debug|Any CPU.ActiveCfg = Debug|Any CPU
		{4109D533-B98D-4BDD-A64F-795EC54291DF}.Debug|Any CPU.Build.0 = Debug|Any CPU
		{4109D533-B98D-4BDD-A64F-795EC54291DF}.Release|Any CPU.ActiveCfg = Release|Any CPU
		{4109D533-B98D-4BDD-A64F-795EC54291DF}.Release|Any CPU.Build.0 = Release|Any CPU
		{26FF6A29-2665-4D70-BFB2-88BA1B506ACC}.Debug|Any CPU.ActiveCfg = Debug|Any CPU
		{26FF6A29-2665-4D70-BFB2-88BA1B506ACC}.Debug|Any CPU.Build.0 = Debug|Any CPU
		{26FF6A29-2665-4D70-BFB2-88BA1B506ACC}.Release|Any CPU.ActiveCfg = Release|Any CPU
		{26FF6A29-2665-4D70-BFB2-88BA1B506ACC}.Release|Any CPU.Build.0 = Release|Any CPU
		{15AB717B-61D1-4913-9C34-4145DEA8C375}.Debug|Any CPU.ActiveCfg = Debug|Any CPU
		{15AB717B-61D1-4913-9C34-4145DEA8C375}.Debug|Any CPU.Build.0 = Debug|Any CPU
		{15AB717B-61D1-4913-9C34-4145DEA8C375}.Release|Any CPU.ActiveCfg = Release|Any CPU
		{15AB717B-61D1-4913-9C34-4145DEA8C375}.Release|Any CPU.Build.0 = Release|Any CPU
		{907496F5-3D31-4B3E-8B6F-0BD417C70B4D}.Debug|Any CPU.ActiveCfg = Debug|Any CPU
		{907496F5-3D31-4B3E-8B6F-0BD417C70B4D}.Debug|Any CPU.Build.0 = Debug|Any CPU
		{907496F5-3D31-4B3E-8B6F-0BD417C70B4D}.Release|Any CPU.ActiveCfg = Release|Any CPU
		{907496F5-3D31-4B3E-8B6F-0BD417C70B4D}.Release|Any CPU.Build.0 = Release|Any CPU
		{3A7045C0-7245-4AFF-AB8F-D1C12A11FA14}.Debug|Any CPU.ActiveCfg = Debug|Any CPU
		{3A7045C0-7245-4AFF-AB8F-D1C12A11FA14}.Debug|Any CPU.Build.0 = Debug|Any CPU
		{3A7045C0-7245-4AFF-AB8F-D1C12A11FA14}.Release|Any CPU.ActiveCfg = Release|Any CPU
		{3A7045C0-7245-4AFF-AB8F-D1C12A11FA14}.Release|Any CPU.Build.0 = Release|Any CPU
		{1569F91B-BA61-463B-94B1-151F2E0F8A39}.Debug|Any CPU.ActiveCfg = Debug|Any CPU
		{1569F91B-BA61-463B-94B1-151F2E0F8A39}.Debug|Any CPU.Build.0 = Debug|Any CPU
		{1569F91B-BA61-463B-94B1-151F2E0F8A39}.Release|Any CPU.ActiveCfg = Release|Any CPU
		{1569F91B-BA61-463B-94B1-151F2E0F8A39}.Release|Any CPU.Build.0 = Release|Any CPU
		{E49FA26B-4709-4635-AB88-0F96C450BA30}.Debug|Any CPU.ActiveCfg = Debug|Any CPU
		{E49FA26B-4709-4635-AB88-0F96C450BA30}.Debug|Any CPU.Build.0 = Debug|Any CPU
		{E49FA26B-4709-4635-AB88-0F96C450BA30}.Release|Any CPU.ActiveCfg = Release|Any CPU
		{E49FA26B-4709-4635-AB88-0F96C450BA30}.Release|Any CPU.Build.0 = Release|Any CPU
		{2FBC0F7F-64CE-4D36-94C3-AE5D56E336A5}.Debug|Any CPU.ActiveCfg = Debug|Any CPU
		{2FBC0F7F-64CE-4D36-94C3-AE5D56E336A5}.Debug|Any CPU.Build.0 = Debug|Any CPU
		{2FBC0F7F-64CE-4D36-94C3-AE5D56E336A5}.Release|Any CPU.ActiveCfg = Release|Any CPU
		{2FBC0F7F-64CE-4D36-94C3-AE5D56E336A5}.Release|Any CPU.Build.0 = Release|Any CPU
		{F408DEC5-65B9-4A10-879D-3F83F8A87B38}.Debug|Any CPU.ActiveCfg = Debug|Any CPU
		{F408DEC5-65B9-4A10-879D-3F83F8A87B38}.Debug|Any CPU.Build.0 = Debug|Any CPU
		{F408DEC5-65B9-4A10-879D-3F83F8A87B38}.Release|Any CPU.ActiveCfg = Release|Any CPU
		{F408DEC5-65B9-4A10-879D-3F83F8A87B38}.Release|Any CPU.Build.0 = Release|Any CPU
		{098B5AAF-1ED5-4ABF-8EB3-26F0C84A8554}.Debug|Any CPU.ActiveCfg = Debug|Any CPU
		{098B5AAF-1ED5-4ABF-8EB3-26F0C84A8554}.Debug|Any CPU.Build.0 = Debug|Any CPU
		{098B5AAF-1ED5-4ABF-8EB3-26F0C84A8554}.Release|Any CPU.ActiveCfg = Release|Any CPU
		{098B5AAF-1ED5-4ABF-8EB3-26F0C84A8554}.Release|Any CPU.Build.0 = Release|Any CPU
		{1A8C00A6-935A-4453-AD9F-9AE8F564BA68}.Debug|Any CPU.ActiveCfg = Debug|Any CPU
		{1A8C00A6-935A-4453-AD9F-9AE8F564BA68}.Debug|Any CPU.Build.0 = Debug|Any CPU
		{1A8C00A6-935A-4453-AD9F-9AE8F564BA68}.Release|Any CPU.ActiveCfg = Release|Any CPU
		{1A8C00A6-935A-4453-AD9F-9AE8F564BA68}.Release|Any CPU.Build.0 = Release|Any CPU
		{D82E1500-7354-4DB3-830D-44D03A0ACC3D}.Debug|Any CPU.ActiveCfg = Debug|Any CPU
		{D82E1500-7354-4DB3-830D-44D03A0ACC3D}.Debug|Any CPU.Build.0 = Debug|Any CPU
		{D82E1500-7354-4DB3-830D-44D03A0ACC3D}.Release|Any CPU.ActiveCfg = Release|Any CPU
		{D82E1500-7354-4DB3-830D-44D03A0ACC3D}.Release|Any CPU.Build.0 = Release|Any CPU
		{9DBD6FCF-1528-46EB-AA23-B1E54DBA5DEC}.Debug|Any CPU.ActiveCfg = Debug|Any CPU
		{9DBD6FCF-1528-46EB-AA23-B1E54DBA5DEC}.Debug|Any CPU.Build.0 = Debug|Any CPU
		{9DBD6FCF-1528-46EB-AA23-B1E54DBA5DEC}.Release|Any CPU.ActiveCfg = Release|Any CPU
		{9DBD6FCF-1528-46EB-AA23-B1E54DBA5DEC}.Release|Any CPU.Build.0 = Release|Any CPU
	EndGlobalSection
	GlobalSection(SolutionProperties) = preSolution
		HideSolutionNode = FALSE
	EndGlobalSection
	GlobalSection(NestedProjects) = preSolution
		{50202067-E071-43FF-8B87-C47DB8A0AA71} = {967E5D10-5C50-4FFD-AC5F-B731799383B7}
		{98BA0FE6-70FE-4DD0-8404-C3E5ED7C25AC} = {967E5D10-5C50-4FFD-AC5F-B731799383B7}
		{51DFDD4B-5DCE-41AE-9DF8-15D0E666AAEC} = {50202067-E071-43FF-8B87-C47DB8A0AA71}
		{2FF07CB8-0105-467D-A76F-15D524E33532} = {98BA0FE6-70FE-4DD0-8404-C3E5ED7C25AC}
		{B203B6F3-6108-4A09-8E3B-BEDA2546EA48} = {98BA0FE6-70FE-4DD0-8404-C3E5ED7C25AC}
		{7E361041-5208-45B3-9FC9-432537610802} = {98BA0FE6-70FE-4DD0-8404-C3E5ED7C25AC}
		{4109D533-B98D-4BDD-A64F-795EC54291DF} = {98BA0FE6-70FE-4DD0-8404-C3E5ED7C25AC}
		{F36DB824-C016-44D9-85EA-C138665CC6D6} = {967E5D10-5C50-4FFD-AC5F-B731799383B7}
		{26FF6A29-2665-4D70-BFB2-88BA1B506ACC} = {F36DB824-C016-44D9-85EA-C138665CC6D6}
		{15AB717B-61D1-4913-9C34-4145DEA8C375} = {F36DB824-C016-44D9-85EA-C138665CC6D6}
		{907496F5-3D31-4B3E-8B6F-0BD417C70B4D} = {F36DB824-C016-44D9-85EA-C138665CC6D6}
		{228FCE6B-C4C8-42B3-A1EE-0082A087A62C} = {F36DB824-C016-44D9-85EA-C138665CC6D6}
		{3A7045C0-7245-4AFF-AB8F-D1C12A11FA14} = {228FCE6B-C4C8-42B3-A1EE-0082A087A62C}
		{FE93A247-A721-4BFE-AE2F-49F68F40B74A} = {967E5D10-5C50-4FFD-AC5F-B731799383B7}
		{1569F91B-BA61-463B-94B1-151F2E0F8A39} = {FE93A247-A721-4BFE-AE2F-49F68F40B74A}
		{E49FA26B-4709-4635-AB88-0F96C450BA30} = {FE93A247-A721-4BFE-AE2F-49F68F40B74A}
		{2FBC0F7F-64CE-4D36-94C3-AE5D56E336A5} = {FE93A247-A721-4BFE-AE2F-49F68F40B74A}
		{3A9E2770-0B7C-45B8-8D31-9FCD8F9688F6} = {FE93A247-A721-4BFE-AE2F-49F68F40B74A}
		{F408DEC5-65B9-4A10-879D-3F83F8A87B38} = {3A9E2770-0B7C-45B8-8D31-9FCD8F9688F6}
		{098B5AAF-1ED5-4ABF-8EB3-26F0C84A8554} = {B203B6F3-6108-4A09-8E3B-BEDA2546EA48}
		{71E1FCC1-0429-420E-AA3B-C1780B37ABD2} = {967E5D10-5C50-4FFD-AC5F-B731799383B7}
		{1A8C00A6-935A-4453-AD9F-9AE8F564BA68} = {A8E9ECA9-CC87-479A-952C-87EC16458016}
		{D82E1500-7354-4DB3-830D-44D03A0ACC3D} = {71E1FCC1-0429-420E-AA3B-C1780B37ABD2}
		{1E021D5B-0A65-42AB-BB65-7FA5CB7987F1} = {A8E9ECA9-CC87-479A-952C-87EC16458016}
		{9DBD6FCF-1528-46EB-AA23-B1E54DBA5DEC} = {1E021D5B-0A65-42AB-BB65-7FA5CB7987F1}
	EndGlobalSection
EndGlobal
