
Microsoft Visual Studio Solution File, Format Version 12.00
# Visual Studio Version 17
VisualStudioVersion = 17.12.35506.116
MinimumVisualStudioVersion = 10.0.40219.1
Project("{2150E333-8FDC-42A3-9474-1A3956D46DE8}") = "Services", "Services", "{967E5D10-5C50-4FFD-AC5F-B731799383B7}"
EndProject
Project("{2150E333-8FDC-42A3-9474-1A3956D46DE8}") = "Core", "Core", "{50202067-E071-43FF-8B87-C47DB8A0AA71}"
EndProject
Project("{2150E333-8FDC-42A3-9474-1A3956D46DE8}") = "Conteudo", "Conteudo", "{98BA0FE6-70FE-4DD0-8404-C3E5ED7C25AC}"
EndProject
Project("{FAE04EC0-301F-11D3-BF4B-00C04F79EFBC}") = "Plataforma.Educacao.Core", "src\Plataforma.Educacao.Core\Plataforma.Educacao.Core.csproj", "{51DFDD4B-5DCE-41AE-9DF8-15D0E666AAEC}"
EndProject
Project("{FAE04EC0-301F-11D3-BF4B-00C04F79EFBC}") = "Plataforma.Educacao.Conteudo.Domain", "src\Plataforma.Educacao.Conteudo.Domain\Plataforma.Educacao.Conteudo.Domain.csproj", "{2FF07CB8-0105-467D-A76F-15D524E33532}"
EndProject
Project("{2150E333-8FDC-42A3-9474-1A3956D46DE8}") = "Tests", "Tests", "{B203B6F3-6108-4A09-8E3B-BEDA2546EA48}"
EndProject
Project("{FAE04EC0-301F-11D3-BF4B-00C04F79EFBC}") = "Plataforma.Educacao.Conteudo.Domain.Tests", "tests\Plataforma.Educacao.Conteudo.Domain.Tests\Plataforma.Educacao.Conteudo.Domain.Tests.csproj", "{8C0CC707-767C-4CD0-9AE5-2AF30D800F8A}"
EndProject
Project("{FAE04EC0-301F-11D3-BF4B-00C04F79EFBC}") = "Plataforma.Educacao.Conteudo.Data", "src\Plataforma.Educacao.Conteudo.Data\Plataforma.Educacao.Conteudo.Data.csproj", "{7E361041-5208-45B3-9FC9-432537610802}"
EndProject
Project("{FAE04EC0-301F-11D3-BF4B-00C04F79EFBC}") = "Plataforma.Educacao.Conteudo.Service", "src\Plataforma.Educacao.Conteudo.Service\Plataforma.Educacao.Conteudo.Service.csproj", "{4109D533-B98D-4BDD-A64F-795EC54291DF}"
EndProject
Project("{2150E333-8FDC-42A3-9474-1A3956D46DE8}") = "Aluno", "Aluno", "{F36DB824-C016-44D9-85EA-C138665CC6D6}"
EndProject
Project("{FAE04EC0-301F-11D3-BF4B-00C04F79EFBC}") = "Plataforma.Educacao.Aluno.Domain", "src\Plataforma.Educacao.Aluno.Domain\Plataforma.Educacao.Aluno.Domain.csproj", "{26FF6A29-2665-4D70-BFB2-88BA1B506ACC}"
EndProject
Project("{FAE04EC0-301F-11D3-BF4B-00C04F79EFBC}") = "Plataforma.Educacao.Aluno.Data", "src\Plataforma.Educacao.Aluno.Data\Plataforma.Educacao.Aluno.Data.csproj", "{15AB717B-61D1-4913-9C34-4145DEA8C375}"
EndProject
Project("{FAE04EC0-301F-11D3-BF4B-00C04F79EFBC}") = "Plataforma.Educacao.Aluno.Service", "src\Plataforma.Educacao.Aluno.Service\Plataforma.Educacao.Aluno.Service.csproj", "{907496F5-3D31-4B3E-8B6F-0BD417C70B4D}"
EndProject
Project("{2150E333-8FDC-42A3-9474-1A3956D46DE8}") = "Tests", "Tests", "{228FCE6B-C4C8-42B3-A1EE-0082A087A62C}"
EndProject
Project("{FAE04EC0-301F-11D3-BF4B-00C04F79EFBC}") = "Plataforma.Educacao.Aluno.Domain.Tests", "tests\Plataforma.Educacao.Aluno.Domain.Tests\Plataforma.Educacao.Aluno.Domain.Tests.csproj", "{3A7045C0-7245-4AFF-AB8F-D1C12A11FA14}"
EndProject
Project("{2150E333-8FDC-42A3-9474-1A3956D46DE8}") = "Faturamento", "Faturamento", "{FE93A247-A721-4BFE-AE2F-49F68F40B74A}"
EndProject
Project("{FAE04EC0-301F-11D3-BF4B-00C04F79EFBC}") = "Plataforma.Educacao.Faturamento.Data", "src\Plataforma.Educacao.Faturamento.Data\Plataforma.Educacao.Faturamento.Data.csproj", "{1569F91B-BA61-463B-94B1-151F2E0F8A39}"
EndProject
Project("{FAE04EC0-301F-11D3-BF4B-00C04F79EFBC}") = "Plataforma.Educacao.Faturamento.Domain", "src\Plataforma.Educacao.Faturamento.Domain\Plataforma.Educacao.Faturamento.Domain.csproj", "{E49FA26B-4709-4635-AB88-0F96C450BA30}"
EndProject
Project("{FAE04EC0-301F-11D3-BF4B-00C04F79EFBC}") = "Plataforma.Educacao.Faturamento.Service", "src\Plataforma.Educacao.Faturamento.Service\Plataforma.Educacao.Faturamento.Service.csproj", "{2FBC0F7F-64CE-4D36-94C3-AE5D56E336A5}"
EndProject
Global
	GlobalSection(SolutionConfigurationPlatforms) = preSolution
		Debug|Any CPU = Debug|Any CPU
		Release|Any CPU = Release|Any CPU
	EndGlobalSection
	GlobalSection(ProjectConfigurationPlatforms) = postSolution
		{51DFDD4B-5DCE-41AE-9DF8-15D0E666AAEC}.Debug|Any CPU.ActiveCfg = Debug|Any CPU
		{51DFDD4B-5DCE-41AE-9DF8-15D0E666AAEC}.Debug|Any CPU.Build.0 = Debug|Any CPU
		{51DFDD4B-5DCE-41AE-9DF8-15D0E666AAEC}.Release|Any CPU.ActiveCfg = Release|Any CPU
		{51DFDD4B-5DCE-41AE-9DF8-15D0E666AAEC}.Release|Any CPU.Build.0 = Release|Any CPU
		{2FF07CB8-0105-467D-A76F-15D524E33532}.Debug|Any CPU.ActiveCfg = Debug|Any CPU
		{2FF07CB8-0105-467D-A76F-15D524E33532}.Debug|Any CPU.Build.0 = Debug|Any CPU
		{2FF07CB8-0105-467D-A76F-15D524E33532}.Release|Any CPU.ActiveCfg = Release|Any CPU
		{2FF07CB8-0105-467D-A76F-15D524E33532}.Release|Any CPU.Build.0 = Release|Any CPU
		{8C0CC707-767C-4CD0-9AE5-2AF30D800F8A}.Debug|Any CPU.ActiveCfg = Debug|Any CPU
		{8C0CC707-767C-4CD0-9AE5-2AF30D800F8A}.Debug|Any CPU.Build.0 = Debug|Any CPU
		{8C0CC707-767C-4CD0-9AE5-2AF30D800F8A}.Release|Any CPU.ActiveCfg = Release|Any CPU
		{8C0CC707-767C-4CD0-9AE5-2AF30D800F8A}.Release|Any CPU.Build.0 = Release|Any CPU
		{7E361041-5208-45B3-9FC9-432537610802}.Debug|Any CPU.ActiveCfg = Debug|Any CPU
		{7E361041-5208-45B3-9FC9-432537610802}.Debug|Any CPU.Build.0 = Debug|Any CPU
		{7E361041-5208-45B3-9FC9-432537610802}.Release|Any CPU.ActiveCfg = Release|Any CPU
		{7E361041-5208-45B3-9FC9-432537610802}.Release|Any CPU.Build.0 = Release|Any CPU
		{4109D533-B98D-4BDD-A64F-795EC54291DF}.Debug|Any CPU.ActiveCfg = Debug|Any CPU
		{4109D533-B98D-4BDD-A64F-795EC54291DF}.Debug|Any CPU.Build.0 = Debug|Any CPU
		{4109D533-B98D-4BDD-A64F-795EC54291DF}.Release|Any CPU.ActiveCfg = Release|Any CPU
		{4109D533-B98D-4BDD-A64F-795EC54291DF}.Release|Any CPU.Build.0 = Release|Any CPU
		{26FF6A29-2665-4D70-BFB2-88BA1B506ACC}.Debug|Any CPU.ActiveCfg = Debug|Any CPU
		{26FF6A29-2665-4D70-BFB2-88BA1B506ACC}.Debug|Any CPU.Build.0 = Debug|Any CPU
		{26FF6A29-2665-4D70-BFB2-88BA1B506ACC}.Release|Any CPU.ActiveCfg = Release|Any CPU
		{26FF6A29-2665-4D70-BFB2-88BA1B506ACC}.Release|Any CPU.Build.0 = Release|Any CPU
		{15AB717B-61D1-4913-9C34-4145DEA8C375}.Debug|Any CPU.ActiveCfg = Debug|Any CPU
		{15AB717B-61D1-4913-9C34-4145DEA8C375}.Debug|Any CPU.Build.0 = Debug|Any CPU
		{15AB717B-61D1-4913-9C34-4145DEA8C375}.Release|Any CPU.ActiveCfg = Release|Any CPU
		{15AB717B-61D1-4913-9C34-4145DEA8C375}.Release|Any CPU.Build.0 = Release|Any CPU
		{907496F5-3D31-4B3E-8B6F-0BD417C70B4D}.Debug|Any CPU.ActiveCfg = Debug|Any CPU
		{907496F5-3D31-4B3E-8B6F-0BD417C70B4D}.Debug|Any CPU.Build.0 = Debug|Any CPU
		{907496F5-3D31-4B3E-8B6F-0BD417C70B4D}.Release|Any CPU.ActiveCfg = Release|Any CPU
		{907496F5-3D31-4B3E-8B6F-0BD417C70B4D}.Release|Any CPU.Build.0 = Release|Any CPU
		{3A7045C0-7245-4AFF-AB8F-D1C12A11FA14}.Debug|Any CPU.ActiveCfg = Debug|Any CPU
		{3A7045C0-7245-4AFF-AB8F-D1C12A11FA14}.Debug|Any CPU.Build.0 = Debug|Any CPU
		{3A7045C0-7245-4AFF-AB8F-D1C12A11FA14}.Release|Any CPU.ActiveCfg = Release|Any CPU
		{3A7045C0-7245-4AFF-AB8F-D1C12A11FA14}.Release|Any CPU.Build.0 = Release|Any CPU
		{1569F91B-BA61-463B-94B1-151F2E0F8A39}.Debug|Any CPU.ActiveCfg = Debug|Any CPU
		{1569F91B-BA61-463B-94B1-151F2E0F8A39}.Debug|Any CPU.Build.0 = Debug|Any CPU
		{1569F91B-BA61-463B-94B1-151F2E0F8A39}.Release|Any CPU.ActiveCfg = Release|Any CPU
		{1569F91B-BA61-463B-94B1-151F2E0F8A39}.Release|Any CPU.Build.0 = Release|Any CPU
		{E49FA26B-4709-4635-AB88-0F96C450BA30}.Debug|Any CPU.ActiveCfg = Debug|Any CPU
		{E49FA26B-4709-4635-AB88-0F96C450BA30}.Debug|Any CPU.Build.0 = Debug|Any CPU
		{E49FA26B-4709-4635-AB88-0F96C450BA30}.Release|Any CPU.ActiveCfg = Release|Any CPU
		{E49FA26B-4709-4635-AB88-0F96C450BA30}.Release|Any CPU.Build.0 = Release|Any CPU
		{2FBC0F7F-64CE-4D36-94C3-AE5D56E336A5}.Debug|Any CPU.ActiveCfg = Debug|Any CPU
		{2FBC0F7F-64CE-4D36-94C3-AE5D56E336A5}.Debug|Any CPU.Build.0 = Debug|Any CPU
		{2FBC0F7F-64CE-4D36-94C3-AE5D56E336A5}.Release|Any CPU.ActiveCfg = Release|Any CPU
		{2FBC0F7F-64CE-4D36-94C3-AE5D56E336A5}.Release|Any CPU.Build.0 = Release|Any CPU
	EndGlobalSection
	GlobalSection(SolutionProperties) = preSolution
		HideSolutionNode = FALSE
	EndGlobalSection
	GlobalSection(NestedProjects) = preSolution
		{50202067-E071-43FF-8B87-C47DB8A0AA71} = {967E5D10-5C50-4FFD-AC5F-B731799383B7}
		{98BA0FE6-70FE-4DD0-8404-C3E5ED7C25AC} = {967E5D10-5C50-4FFD-AC5F-B731799383B7}
		{51DFDD4B-5DCE-41AE-9DF8-15D0E666AAEC} = {50202067-E071-43FF-8B87-C47DB8A0AA71}
		{2FF07CB8-0105-467D-A76F-15D524E33532} = {98BA0FE6-70FE-4DD0-8404-C3E5ED7C25AC}
		{B203B6F3-6108-4A09-8E3B-BEDA2546EA48} = {98BA0FE6-70FE-4DD0-8404-C3E5ED7C25AC}
		{8C0CC707-767C-4CD0-9AE5-2AF30D800F8A} = {B203B6F3-6108-4A09-8E3B-BEDA2546EA48}
		{7E361041-5208-45B3-9FC9-432537610802} = {98BA0FE6-70FE-4DD0-8404-C3E5ED7C25AC}
		{4109D533-B98D-4BDD-A64F-795EC54291DF} = {98BA0FE6-70FE-4DD0-8404-C3E5ED7C25AC}
		{F36DB824-C016-44D9-85EA-C138665CC6D6} = {967E5D10-5C50-4FFD-AC5F-B731799383B7}
		{26FF6A29-2665-4D70-BFB2-88BA1B506ACC} = {F36DB824-C016-44D9-85EA-C138665CC6D6}
		{15AB717B-61D1-4913-9C34-4145DEA8C375} = {F36DB824-C016-44D9-85EA-C138665CC6D6}
		{907496F5-3D31-4B3E-8B6F-0BD417C70B4D} = {F36DB824-C016-44D9-85EA-C138665CC6D6}
		{228FCE6B-C4C8-42B3-A1EE-0082A087A62C} = {F36DB824-C016-44D9-85EA-C138665CC6D6}
		{3A7045C0-7245-4AFF-AB8F-D1C12A11FA14} = {228FCE6B-C4C8-42B3-A1EE-0082A087A62C}
		{FE93A247-A721-4BFE-AE2F-49F68F40B74A} = {967E5D10-5C50-4FFD-AC5F-B731799383B7}
		{1569F91B-BA61-463B-94B1-151F2E0F8A39} = {FE93A247-A721-4BFE-AE2F-49F68F40B74A}
		{E49FA26B-4709-4635-AB88-0F96C450BA30} = {FE93A247-A721-4BFE-AE2F-49F68F40B74A}
		{2FBC0F7F-64CE-4D36-94C3-AE5D56E336A5} = {FE93A247-A721-4BFE-AE2F-49F68F40B74A}
	EndGlobalSection
EndGlobal
